// !$*UTF8*$!
{
	archiveVersion = 1;
	classes = {
	};
	objectVersion = 77;
	objects = {

/* Begin PBXContainerItemProxy section */
		A2AF041C2CB305B7009A93A6 /* PBXContainerItemProxy */ = {
			isa = PBXContainerItemProxy;
			containerPortal = A2AF04032CB305B6009A93A6 /* Project object */;
			proxyType = 1;
			remoteGlobalIDString = A2AF040A2CB305B6009A93A6;
			remoteInfo = ToastExtension;
		};
		A2AF04262CB305B7009A93A6 /* PBXContainerItemProxy */ = {
			isa = PBXContainerItemProxy;
			containerPortal = A2AF04032CB305B6009A93A6 /* Project object */;
			proxyType = 1;
			remoteGlobalIDString = A2AF040A2CB305B6009A93A6;
			remoteInfo = ToastExtension;
		};
/* End PBXContainerItemProxy section */

/* Begin PBXFileReference section */
		A2AF040B2CB305B6009A93A6 /* ToastExtension.app */ = {isa = PBXFileReference; explicitFileType = wrapper.application; includeInIndex = 0; path = ToastExtension.app; sourceTree = BUILT_PRODUCTS_DIR; };
		A2AF041B2CB305B7009A93A6 /* ToastExtensionTests.xctest */ = {isa = PBXFileReference; explicitFileType = wrapper.cfbundle; includeInIndex = 0; path = ToastExtensionTests.xctest; sourceTree = BUILT_PRODUCTS_DIR; };
		A2AF04252CB305B7009A93A6 /* ToastExtensionUITests.xctest */ = {isa = PBXFileReference; explicitFileType = wrapper.cfbundle; includeInIndex = 0; path = ToastExtensionUITests.xctest; sourceTree = BUILT_PRODUCTS_DIR; };
/* End PBXFileReference section */

/* Begin PBXFileSystemSynchronizedRootGroup section */
		A2AF040D2CB305B6009A93A6 /* ToastExtension */ = {
			isa = PBXFileSystemSynchronizedRootGroup;
			path = ToastExtension;
			sourceTree = "<group>";
		};
		A2AF041E2CB305B7009A93A6 /* ToastExtensionTests */ = {
			isa = PBXFileSystemSynchronizedRootGroup;
			path = ToastExtensionTests;
			sourceTree = "<group>";
		};
		A2AF04282CB305B7009A93A6 /* ToastExtensionUITests */ = {
			isa = PBXFileSystemSynchronizedRootGroup;
			path = ToastExtensionUITests;
			sourceTree = "<group>";
		};
/* End PBXFileSystemSynchronizedRootGroup section */

/* Begin PBXFrameworksBuildPhase section */
		A2AF04082CB305B6009A93A6 /* Frameworks */ = {
			isa = PBXFrameworksBuildPhase;
			buildActionMask = 2147483647;
			files = (
			);
			runOnlyForDeploymentPostprocessing = 0;
		};
		A2AF04182CB305B7009A93A6 /* Frameworks */ = {
			isa = PBXFrameworksBuildPhase;
			buildActionMask = 2147483647;
			files = (
			);
			runOnlyForDeploymentPostprocessing = 0;
		};
		A2AF04222CB305B7009A93A6 /* Frameworks */ = {
			isa = PBXFrameworksBuildPhase;
			buildActionMask = 2147483647;
			files = (
			);
			runOnlyForDeploymentPostprocessing = 0;
		};
/* End PBXFrameworksBuildPhase section */

/* Begin PBXGroup section */
		A2AF04022CB305B6009A93A6 = {
			isa = PBXGroup;
			children = (
				A2AF040D2CB305B6009A93A6 /* ToastExtension */,
				A2AF041E2CB305B7009A93A6 /* ToastExtensionTests */,
				A2AF04282CB305B7009A93A6 /* ToastExtensionUITests */,
				A2AF040C2CB305B6009A93A6 /* Products */,
			);
			sourceTree = "<group>";
		};
		A2AF040C2CB305B6009A93A6 /* Products */ = {
			isa = PBXGroup;
			children = (
				A2AF040B2CB305B6009A93A6 /* ToastExtension.app */,
				A2AF041B2CB305B7009A93A6 /* ToastExtensionTests.xctest */,
				A2AF04252CB305B7009A93A6 /* ToastExtensionUITests.xctest */,
			);
			name = Products;
			sourceTree = "<group>";
		};
/* End PBXGroup section */

/* Begin PBXNativeTarget section */
		A2AF040A2CB305B6009A93A6 /* ToastExtension */ = {
			isa = PBXNativeTarget;
			buildConfigurationList = A2AF042F2CB305B7009A93A6 /* Build configuration list for PBXNativeTarget "ToastExtension" */;
			buildPhases = (
				A2AF04072CB305B6009A93A6 /* Sources */,
				A2AF04082CB305B6009A93A6 /* Frameworks */,
				A2AF04092CB305B6009A93A6 /* Resources */,
			);
			buildRules = (
			);
			dependencies = (
			);
			fileSystemSynchronizedGroups = (
				A2AF040D2CB305B6009A93A6 /* ToastExtension */,
			);
			name = ToastExtension;
			packageProductDependencies = (
			);
			productName = ToastExtension;
			productReference = A2AF040B2CB305B6009A93A6 /* ToastExtension.app */;
			productType = "com.apple.product-type.application";
		};
		A2AF041A2CB305B7009A93A6 /* ToastExtensionTests */ = {
			isa = PBXNativeTarget;
			buildConfigurationList = A2AF04322CB305B7009A93A6 /* Build configuration list for PBXNativeTarget "ToastExtensionTests" */;
			buildPhases = (
				A2AF04172CB305B7009A93A6 /* Sources */,
				A2AF04182CB305B7009A93A6 /* Frameworks */,
				A2AF04192CB305B7009A93A6 /* Resources */,
			);
			buildRules = (
			);
			dependencies = (
				A2AF041D2CB305B7009A93A6 /* PBXTargetDependency */,
			);
			fileSystemSynchronizedGroups = (
				A2AF041E2CB305B7009A93A6 /* ToastExtensionTests */,
			);
			name = ToastExtensionTests;
			packageProductDependencies = (
			);
			productName = ToastExtensionTests;
			productReference = A2AF041B2CB305B7009A93A6 /* ToastExtensionTests.xctest */;
			productType = "com.apple.product-type.bundle.unit-test";
		};
		A2AF04242CB305B7009A93A6 /* ToastExtensionUITests */ = {
			isa = PBXNativeTarget;
			buildConfigurationList = A2AF04352CB305B7009A93A6 /* Build configuration list for PBXNativeTarget "ToastExtensionUITests" */;
			buildPhases = (
				A2AF04212CB305B7009A93A6 /* Sources */,
				A2AF04222CB305B7009A93A6 /* Frameworks */,
				A2AF04232CB305B7009A93A6 /* Resources */,
			);
			buildRules = (
			);
			dependencies = (
				A2AF04272CB305B7009A93A6 /* PBXTargetDependency */,
			);
			fileSystemSynchronizedGroups = (
				A2AF04282CB305B7009A93A6 /* ToastExtensionUITests */,
			);
			name = ToastExtensionUITests;
			packageProductDependencies = (
			);
			productName = ToastExtensionUITests;
			productReference = A2AF04252CB305B7009A93A6 /* ToastExtensionUITests.xctest */;
			productType = "com.apple.product-type.bundle.ui-testing";
		};
/* End PBXNativeTarget section */

/* Begin PBXProject section */
		A2AF04032CB305B6009A93A6 /* Project object */ = {
			isa = PBXProject;
			attributes = {
				BuildIndependentTargetsInParallel = 1;
				LastSwiftUpdateCheck = 1600;
				LastUpgradeCheck = 1600;
				TargetAttributes = {
					A2AF040A2CB305B6009A93A6 = {
						CreatedOnToolsVersion = 16.0;
					};
					A2AF041A2CB305B7009A93A6 = {
						CreatedOnToolsVersion = 16.0;
						TestTargetID = A2AF040A2CB305B6009A93A6;
					};
					A2AF04242CB305B7009A93A6 = {
						CreatedOnToolsVersion = 16.0;
						TestTargetID = A2AF040A2CB305B6009A93A6;
					};
				};
			};
			buildConfigurationList = A2AF04062CB305B6009A93A6 /* Build configuration list for PBXProject "ToastExtension" */;
			developmentRegion = en;
			hasScannedForEncodings = 0;
			knownRegions = (
				en,
				Base,
			);
			mainGroup = A2AF04022CB305B6009A93A6;
			minimizedProjectReferenceProxies = 1;
			preferredProjectObjectVersion = 77;
			productRefGroup = A2AF040C2CB305B6009A93A6 /* Products */;
			projectDirPath = "";
			projectRoot = "";
			targets = (
				A2AF040A2CB305B6009A93A6 /* ToastExtension */,
				A2AF041A2CB305B7009A93A6 /* ToastExtensionTests */,
				A2AF04242CB305B7009A93A6 /* ToastExtensionUITests */,
			);
		};
/* End PBXProject section */

/* Begin PBXResourcesBuildPhase section */
		A2AF04092CB305B6009A93A6 /* Resources */ = {
			isa = PBXResourcesBuildPhase;
			buildActionMask = 2147483647;
			files = (
			);
			runOnlyForDeploymentPostprocessing = 0;
		};
		A2AF04192CB305B7009A93A6 /* Resources */ = {
			isa = PBXResourcesBuildPhase;
			buildActionMask = 2147483647;
			files = (
			);
			runOnlyForDeploymentPostprocessing = 0;
		};
		A2AF04232CB305B7009A93A6 /* Resources */ = {
			isa = PBXResourcesBuildPhase;
			buildActionMask = 2147483647;
			files = (
			);
			runOnlyForDeploymentPostprocessing = 0;
		};
/* End PBXResourcesBuildPhase section */

/* Begin PBXSourcesBuildPhase section */
		A2AF04072CB305B6009A93A6 /* Sources */ = {
			isa = PBXSourcesBuildPhase;
			buildActionMask = 2147483647;
			files = (
			);
			runOnlyForDeploymentPostprocessing = 0;
		};
		A2AF04172CB305B7009A93A6 /* Sources */ = {
			isa = PBXSourcesBuildPhase;
			buildActionMask = 2147483647;
			files = (
			);
			runOnlyForDeploymentPostprocessing = 0;
		};
		A2AF04212CB305B7009A93A6 /* Sources */ = {
			isa = PBXSourcesBuildPhase;
			buildActionMask = 2147483647;
			files = (
			);
			runOnlyForDeploymentPostprocessing = 0;
		};
/* End PBXSourcesBuildPhase section */

/* Begin PBXTargetDependency section */
		A2AF041D2CB305B7009A93A6 /* PBXTargetDependency */ = {
			isa = PBXTargetDependency;
			target = A2AF040A2CB305B6009A93A6 /* ToastExtension */;
			targetProxy = A2AF041C2CB305B7009A93A6 /* PBXContainerItemProxy */;
		};
		A2AF04272CB305B7009A93A6 /* PBXTargetDependency */ = {
			isa = PBXTargetDependency;
			target = A2AF040A2CB305B6009A93A6 /* ToastExtension */;
			targetProxy = A2AF04262CB305B7009A93A6 /* PBXContainerItemProxy */;
		};
/* End PBXTargetDependency section */

/* Begin XCBuildConfiguration section */
		A2AF042D2CB305B7009A93A6 /* Debug */ = {
			isa = XCBuildConfiguration;
			buildSettings = {
				ALWAYS_SEARCH_USER_PATHS = NO;
				ASSETCATALOG_COMPILER_GENERATE_SWIFT_ASSET_SYMBOL_EXTENSIONS = YES;
				CLANG_ANALYZER_NONNULL = YES;
				CLANG_ANALYZER_NUMBER_OBJECT_CONVERSION = YES_AGGRESSIVE;
				CLANG_CXX_LANGUAGE_STANDARD = "gnu++20";
				CLANG_ENABLE_MODULES = YES;
				CLANG_ENABLE_OBJC_ARC = YES;
				CLANG_ENABLE_OBJC_WEAK = YES;
				CLANG_WARN_BLOCK_CAPTURE_AUTORELEASING = YES;
				CLANG_WARN_BOOL_CONVERSION = YES;
				CLANG_WARN_COMMA = YES;
				CLANG_WARN_CONSTANT_CONVERSION = YES;
				CLANG_WARN_DEPRECATED_OBJC_IMPLEMENTATIONS = YES;
				CLANG_WARN_DIRECT_OBJC_ISA_USAGE = YES_ERROR;
				CLANG_WARN_DOCUMENTATION_COMMENTS = YES;
				CLANG_WARN_EMPTY_BODY = YES;
				CLANG_WARN_ENUM_CONVERSION = YES;
				CLANG_WARN_INFINITE_RECURSION = YES;
				CLANG_WARN_INT_CONVERSION = YES;
				CLANG_WARN_NON_LITERAL_NULL_CONVERSION = YES;
				CLANG_WARN_OBJC_IMPLICIT_RETAIN_SELF = YES;
				CLANG_WARN_OBJC_LITERAL_CONVERSION = YES;
				CLANG_WARN_OBJC_ROOT_CLASS = YES_ERROR;
				CLANG_WARN_QUOTED_INCLUDE_IN_FRAMEWORK_HEADER = YES;
				CLANG_WARN_RANGE_LOOP_ANALYSIS = YES;
				CLANG_WARN_STRICT_PROTOTYPES = YES;
				CLANG_WARN_SUSPICIOUS_MOVE = YES;
				CLANG_WARN_UNGUARDED_AVAILABILITY = YES_AGGRESSIVE;
				CLANG_WARN_UNREACHABLE_CODE = YES;
				CLANG_WARN__DUPLICATE_METHOD_MATCH = YES;
				COPY_PHASE_STRIP = NO;
				DEBUG_INFORMATION_FORMAT = dwarf;
				ENABLE_STRICT_OBJC_MSGSEND = YES;
				ENABLE_TESTABILITY = YES;
				ENABLE_USER_SCRIPT_SANDBOXING = YES;
				GCC_C_LANGUAGE_STANDARD = gnu17;
				GCC_DYNAMIC_NO_PIC = NO;
				GCC_NO_COMMON_BLOCKS = YES;
				GCC_OPTIMIZATION_LEVEL = 0;
				GCC_PREPROCESSOR_DEFINITIONS = (
					"DEBUG=1",
					"$(inherited)",
				);
				GCC_WARN_64_TO_32_BIT_CONVERSION = YES;
				GCC_WARN_ABOUT_RETURN_TYPE = YES_ERROR;
				GCC_WARN_UNDECLARED_SELECTOR = YES;
				GCC_WARN_UNINITIALIZED_AUTOS = YES_AGGRESSIVE;
				GCC_WARN_UNUSED_FUNCTION = YES;
				GCC_WARN_UNUSED_VARIABLE = YES;
				IPHONEOS_DEPLOYMENT_TARGET = 18.0;
				LOCALIZATION_PREFERS_STRING_CATALOGS = YES;
				MTL_ENABLE_DEBUG_INFO = INCLUDE_SOURCE;
				MTL_FAST_MATH = YES;
				ONLY_ACTIVE_ARCH = YES;
				SDKROOT = iphoneos;
				SWIFT_ACTIVE_COMPILATION_CONDITIONS = "DEBUG $(inherited)";
				SWIFT_OPTIMIZATION_LEVEL = "-Onone";
			};
			name = Debug;
		};
		A2AF042E2CB305B7009A93A6 /* Release */ = {
			isa = XCBuildConfiguration;
			buildSettings = {
				ALWAYS_SEARCH_USER_PATHS = NO;
				ASSETCATALOG_COMPILER_GENERATE_SWIFT_ASSET_SYMBOL_EXTENSIONS = YES;
				CLANG_ANALYZER_NONNULL = YES;
				CLANG_ANALYZER_NUMBER_OBJECT_CONVERSION = YES_AGGRESSIVE;
				CLANG_CXX_LANGUAGE_STANDARD = "gnu++20";
				CLANG_ENABLE_MODULES = YES;
				CLANG_ENABLE_OBJC_ARC = YES;
				CLANG_ENABLE_OBJC_WEAK = YES;
				CLANG_WARN_BLOCK_CAPTURE_AUTORELEASING = YES;
				CLANG_WARN_BOOL_CONVERSION = YES;
				CLANG_WARN_COMMA = YES;
				CLANG_WARN_CONSTANT_CONVERSION = YES;
				CLANG_WARN_DEPRECATED_OBJC_IMPLEMENTATIONS = YES;
				CLANG_WARN_DIRECT_OBJC_ISA_USAGE = YES_ERROR;
				CLANG_WARN_DOCUMENTATION_COMMENTS = YES;
				CLANG_WARN_EMPTY_BODY = YES;
				CLANG_WARN_ENUM_CONVERSION = YES;
				CLANG_WARN_INFINITE_RECURSION = YES;
				CLANG_WARN_INT_CONVERSION = YES;
				CLANG_WARN_NON_LITERAL_NULL_CONVERSION = YES;
				CLANG_WARN_OBJC_IMPLICIT_RETAIN_SELF = YES;
				CLANG_WARN_OBJC_LITERAL_CONVERSION = YES;
				CLANG_WARN_OBJC_ROOT_CLASS = YES_ERROR;
				CLANG_WARN_QUOTED_INCLUDE_IN_FRAMEWORK_HEADER = YES;
				CLANG_WARN_RANGE_LOOP_ANALYSIS = YES;
				CLANG_WARN_STRICT_PROTOTYPES = YES;
				CLANG_WARN_SUSPICIOUS_MOVE = YES;
				CLANG_WARN_UNGUARDED_AVAILABILITY = YES_AGGRESSIVE;
				CLANG_WARN_UNREACHABLE_CODE = YES;
				CLANG_WARN__DUPLICATE_METHOD_MATCH = YES;
				COPY_PHASE_STRIP = NO;
				DEBUG_INFORMATION_FORMAT = "dwarf-with-dsym";
				ENABLE_NS_ASSERTIONS = NO;
				ENABLE_STRICT_OBJC_MSGSEND = YES;
				ENABLE_USER_SCRIPT_SANDBOXING = YES;
				GCC_C_LANGUAGE_STANDARD = gnu17;
				GCC_NO_COMMON_BLOCKS = YES;
				GCC_WARN_64_TO_32_BIT_CONVERSION = YES;
				GCC_WARN_ABOUT_RETURN_TYPE = YES_ERROR;
				GCC_WARN_UNDECLARED_SELECTOR = YES;
				GCC_WARN_UNINITIALIZED_AUTOS = YES_AGGRESSIVE;
				GCC_WARN_UNUSED_FUNCTION = YES;
				GCC_WARN_UNUSED_VARIABLE = YES;
				IPHONEOS_DEPLOYMENT_TARGET = 18.0;
				LOCALIZATION_PREFERS_STRING_CATALOGS = YES;
				MTL_ENABLE_DEBUG_INFO = NO;
				MTL_FAST_MATH = YES;
				SDKROOT = iphoneos;
				SWIFT_COMPILATION_MODE = wholemodule;
				VALIDATE_PRODUCT = YES;
			};
			name = Release;
		};
		A2AF04302CB305B7009A93A6 /* Debug */ = {
			isa = XCBuildConfiguration;
			buildSettings = {
				ASSETCATALOG_COMPILER_APPICON_NAME = AppIcon;
				ASSETCATALOG_COMPILER_GLOBAL_ACCENT_COLOR_NAME = AccentColor;
				CODE_SIGN_STYLE = Automatic;
				CURRENT_PROJECT_VERSION = 1;
				DEVELOPMENT_ASSET_PATHS = "\"ToastExtension/Preview Content\"";
				ENABLE_PREVIEWS = YES;
				GENERATE_INFOPLIST_FILE = YES;
				INFOPLIST_KEY_UIApplicationSceneManifest_Generation = YES;
				INFOPLIST_KEY_UIApplicationSupportsIndirectInputEvents = YES;
				INFOPLIST_KEY_UILaunchScreen_Generation = YES;
				INFOPLIST_KEY_UISupportedInterfaceOrientations_iPad = "UIInterfaceOrientationPortrait UIInterfaceOrientationPortraitUpsideDown UIInterfaceOrientationLandscapeLeft UIInterfaceOrientationLandscapeRight";
				INFOPLIST_KEY_UISupportedInterfaceOrientations_iPhone = "UIInterfaceOrientationPortrait UIInterfaceOrientationLandscapeLeft UIInterfaceOrientationLandscapeRight";
				LD_RUNPATH_SEARCH_PATHS = (
					"$(inherited)",
					"@executable_path/Frameworks",
				);
				MARKETING_VERSION = 1.0;
				PRODUCT_BUNDLE_IDENTIFIER = com.redstone.ToastExtension;
				PRODUCT_NAME = "$(TARGET_NAME)";
				SWIFT_EMIT_LOC_STRINGS = YES;
				SWIFT_VERSION = 5.0;
				TARGETED_DEVICE_FAMILY = "1,2";
			};
			name = Debug;
		};
		A2AF04312CB305B7009A93A6 /* Release */ = {
			isa = XCBuildConfiguration;
			buildSettings = {
				ASSETCATALOG_COMPILER_APPICON_NAME = AppIcon;
				ASSETCATALOG_COMPILER_GLOBAL_ACCENT_COLOR_NAME = AccentColor;
				CODE_SIGN_STYLE = Automatic;
				CURRENT_PROJECT_VERSION = 1;
				DEVELOPMENT_ASSET_PATHS = "\"ToastExtension/Preview Content\"";
				ENABLE_PREVIEWS = YES;
				GENERATE_INFOPLIST_FILE = YES;
				INFOPLIST_KEY_UIApplicationSceneManifest_Generation = YES;
				INFOPLIST_KEY_UIApplicationSupportsIndirectInputEvents = YES;
				INFOPLIST_KEY_UILaunchScreen_Generation = YES;
				INFOPLIST_KEY_UISupportedInterfaceOrientations_iPad = "UIInterfaceOrientationPortrait UIInterfaceOrientationPortraitUpsideDown UIInterfaceOrientationLandscapeLeft UIInterfaceOrientationLandscapeRight";
				INFOPLIST_KEY_UISupportedInterfaceOrientations_iPhone = "UIInterfaceOrientationPortrait UIInterfaceOrientationLandscapeLeft UIInterfaceOrientationLandscapeRight";
				LD_RUNPATH_SEARCH_PATHS = (
					"$(inherited)",
					"@executable_path/Frameworks",
				);
				MARKETING_VERSION = 1.0;
				PRODUCT_BUNDLE_IDENTIFIER = com.redstone.ToastExtension;
				PRODUCT_NAME = "$(TARGET_NAME)";
				SWIFT_EMIT_LOC_STRINGS = YES;
				SWIFT_VERSION = 5.0;
				TARGETED_DEVICE_FAMILY = "1,2";
			};
			name = Release;
		};
		A2AF04332CB305B7009A93A6 /* Debug */ = {
			isa = XCBuildConfiguration;
			buildSettings = {
				BUNDLE_LOADER = "$(TEST_HOST)";
				CODE_SIGN_STYLE = Automatic;
				CURRENT_PROJECT_VERSION = 1;
				GENERATE_INFOPLIST_FILE = YES;
				IPHONEOS_DEPLOYMENT_TARGET = 18.0;
				MARKETING_VERSION = 1.0;
				PRODUCT_BUNDLE_IDENTIFIER = com.redstone.ToastExtensionTests;
				PRODUCT_NAME = "$(TARGET_NAME)";
				SWIFT_EMIT_LOC_STRINGS = NO;
				SWIFT_VERSION = 5.0;
				TARGETED_DEVICE_FAMILY = "1,2";
				TEST_HOST = "$(BUILT_PRODUCTS_DIR)/ToastExtension.app/$(BUNDLE_EXECUTABLE_FOLDER_PATH)/ToastExtension";
			};
			name = Debug;
		};
		A2AF04342CB305B7009A93A6 /* Release */ = {
			isa = XCBuildConfiguration;
			buildSettings = {
				BUNDLE_LOADER = "$(TEST_HOST)";
				CODE_SIGN_STYLE = Automatic;
				CURRENT_PROJECT_VERSION = 1;
				GENERATE_INFOPLIST_FILE = YES;
				IPHONEOS_DEPLOYMENT_TARGET = 18.0;
				MARKETING_VERSION = 1.0;
				PRODUCT_BUNDLE_IDENTIFIER = com.redstone.ToastExtensionTests;
				PRODUCT_NAME = "$(TARGET_NAME)";
				SWIFT_EMIT_LOC_STRINGS = NO;
				SWIFT_VERSION = 5.0;
				TARGETED_DEVICE_FAMILY = "1,2";
				TEST_HOST = "$(BUILT_PRODUCTS_DIR)/ToastExtension.app/$(BUNDLE_EXECUTABLE_FOLDER_PATH)/ToastExtension";
			};
			name = Release;
		};
		A2AF04362CB305B7009A93A6 /* Debug */ = {
			isa = XCBuildConfiguration;
			buildSettings = {
				CODE_SIGN_STYLE = Automatic;
				CURRENT_PROJECT_VERSION = 1;
				GENERATE_INFOPLIST_FILE = YES;
				MARKETING_VERSION = 1.0;
				PRODUCT_BUNDLE_IDENTIFIER = com.redstone.ToastExtensionUITests;
				PRODUCT_NAME = "$(TARGET_NAME)";
				SWIFT_EMIT_LOC_STRINGS = NO;
				SWIFT_VERSION = 5.0;
				TARGETED_DEVICE_FAMILY = "1,2";
				TEST_TARGET_NAME = ToastExtension;
			};
			name = Debug;
		};
		A2AF04372CB305B7009A93A6 /* Release */ = {
			isa = XCBuildConfiguration;
			buildSettings = {
				CODE_SIGN_STYLE = Automatic;
				CURRENT_PROJECT_VERSION = 1;
				GENERATE_INFOPLIST_FILE = YES;
				MARKETING_VERSION = 1.0;
				PRODUCT_BUNDLE_IDENTIFIER = com.redstone.ToastExtensionUITests;
				PRODUCT_NAME = "$(TARGET_NAME)";
				SWIFT_EMIT_LOC_STRINGS = NO;
				SWIFT_VERSION = 5.0;
				TARGETED_DEVICE_FAMILY = "1,2";
				TEST_TARGET_NAME = ToastExtension;
			};
			name = Release;
		};
/* End XCBuildConfiguration section */

/* Begin XCConfigurationList section */
		A2AF04062CB305B6009A93A6 /* Build configuration list for PBXProject "ToastExtension" */ = {
			isa = XCConfigurationList;
			buildConfigurations = (
				A2AF042D2CB305B7009A93A6 /* Debug */,
				A2AF042E2CB305B7009A93A6 /* Release */,
			);
			defaultConfigurationIsVisible = 0;
			defaultConfigurationName = Release;
		};
		A2AF042F2CB305B7009A93A6 /* Build configuration list for PBXNativeTarget "ToastExtension" */ = {
			isa = XCConfigurationList;
			buildConfigurations = (
				A2AF04302CB305B7009A93A6 /* Debug */,
				A2AF04312CB305B7009A93A6 /* Release */,
			);
			defaultConfigurationIsVisible = 0;
			defaultConfigurationName = Release;
		};
		A2AF04322CB305B7009A93A6 /* Build configuration list for PBXNativeTarget "ToastExtensionTests" */ = {
			isa = XCConfigurationList;
			buildConfigurations = (
				A2AF04332CB305B7009A93A6 /* Debug */,
				A2AF04342CB305B7009A93A6 /* Release */,
			);
			defaultConfigurationIsVisible = 0;
			defaultConfigurationName = Release;
		};
		A2AF04352CB305B7009A93A6 /* Build configuration list for PBXNativeTarget "ToastExtensionUITests" */ = {
			isa = XCConfigurationList;
			buildConfigurations = (
				A2AF04362CB305B7009A93A6 /* Debug */,
				A2AF04372CB305B7009A93A6 /* Release */,
			);
			defaultConfigurationIsVisible = 0;
			defaultConfigurationName = Release;
		};
/* End XCConfigurationList section */
	};
	rootObject = A2AF04032CB305B6009A93A6 /* Project object */;
}
